
Microsoft Visual Studio Solution File, Format Version 12.00
# Visual Studio Version 17
VisualStudioVersion = 17.0.31903.59
MinimumVisualStudioVersion = 10.0.40219.1
Project("{FAE04EC0-301F-11D3-BF4B-00C04F79EFBC}") = "API", "API\API.csproj", "{7C4DA13D-41BE-4E62-A1F9-DB6B88F6D86E}"
EndProject
Project("{FAE04EC0-301F-11D3-BF4B-00C04F79EFBC}") = "Core", "Core\Core.csproj", "{975B9F5E-DA87-41FD-B8CC-BA7DE4F3C78D}"
EndProject
Project("{FAE04EC0-301F-11D3-BF4B-00C04F79EFBC}") = "Infrastructure", "Infrastructure\Infrastructure.csproj", "{4953FAB3-E42E-4426-8B24-1AB4182BFEF0}"
EndProject
Global
	GlobalSection(SolutionConfigurationPlatforms) = preSolution
		Debug|Any CPU = Debug|Any CPU
		Release|Any CPU = Release|Any CPU
	EndGlobalSection
	GlobalSection(SolutionProperties) = preSolution
		HideSolutionNode = FALSE
	EndGlobalSection
	GlobalSection(ProjectConfigurationPlatforms) = postSolution
		{7C4DA13D-41BE-4E62-A1F9-DB6B88F6D86E}.Debug|Any CPU.ActiveCfg = Debug|Any CPU
		{7C4DA13D-41BE-4E62-A1F9-DB6B88F6D86E}.Debug|Any CPU.Build.0 = Debug|Any CPU
		{7C4DA13D-41BE-4E62-A1F9-DB6B88F6D86E}.Release|Any CPU.ActiveCfg = Release|Any CPU
		{7C4DA13D-41BE-4E62-A1F9-DB6B88F6D86E}.Release|Any CPU.Build.0 = Release|Any CPU
		{975B9F5E-DA87-41FD-B8CC-BA7DE4F3C78D}.Debug|Any CPU.ActiveCfg = Debug|Any CPU
		{975B9F5E-DA87-41FD-B8CC-BA7DE4F3C78D}.Debug|Any CPU.Build.0 = Debug|Any CPU
		{975B9F5E-DA87-41FD-B8CC-BA7DE4F3C78D}.Release|Any CPU.ActiveCfg = Release|Any CPU
		{975B9F5E-DA87-41FD-B8CC-BA7DE4F3C78D}.Release|Any CPU.Build.0 = Release|Any CPU
		{4953FAB3-E42E-4426-8B24-1AB4182BFEF0}.Debug|Any CPU.ActiveCfg = Debug|Any CPU
		{4953FAB3-E42E-4426-8B24-1AB4182BFEF0}.Debug|Any CPU.Build.0 = Debug|Any CPU
		{4953FAB3-E42E-4426-8B24-1AB4182BFEF0}.Release|Any CPU.ActiveCfg = Release|Any CPU
		{4953FAB3-E42E-4426-8B24-1AB4182BFEF0}.Release|Any CPU.Build.0 = Release|Any CPU
	EndGlobalSection
EndGlobal
